
Microsoft Visual Studio Solution File, Format Version 12.00
# Visual Studio Version 17
VisualStudioVersion = 17.11.35327.3
MinimumVisualStudioVersion = 10.0.40219.1
Project("{FAE04EC0-301F-11D3-BF4B-00C04F79EFBC}") = "MauiAppMinhascompras", "MauiAppMinhascompras\MauiAppMinhascompras.csproj", "{A5418183-BC6E-4543-A6CB-6F612BA5D4D3}"
EndProject
Global
	GlobalSection(SolutionConfigurationPlatforms) = preSolution
		Debug|Any CPU = Debug|Any CPU
		Release|Any CPU = Release|Any CPU
	EndGlobalSection
	GlobalSection(ProjectConfigurationPlatforms) = postSolution
		{A5418183-BC6E-4543-A6CB-6F612BA5D4D3}.Debug|Any CPU.ActiveCfg = Debug|Any CPU
		{A5418183-BC6E-4543-A6CB-6F612BA5D4D3}.Debug|Any CPU.Build.0 = Debug|Any CPU
		{A5418183-BC6E-4543-A6CB-6F612BA5D4D3}.Debug|Any CPU.Deploy.0 = Debug|Any CPU
		{A5418183-BC6E-4543-A6CB-6F612BA5D4D3}.Release|Any CPU.ActiveCfg = Release|Any CPU
		{A5418183-BC6E-4543-A6CB-6F612BA5D4D3}.Release|Any CPU.Build.0 = Release|Any CPU
		{A5418183-BC6E-4543-A6CB-6F612BA5D4D3}.Release|Any CPU.Deploy.0 = Release|Any CPU
	EndGlobalSection
	GlobalSection(SolutionProperties) = preSolution
		HideSolutionNode = FALSE
	EndGlobalSection
	GlobalSection(ExtensibilityGlobals) = postSolution
		SolutionGuid = {19ECFB69-F2A0-4CBE-91FC-CFBCFEEDE7B8}
	EndGlobalSection
EndGlobal
